
Microsoft Visual Studio Solution File, Format Version 12.00
# Visual Studio 15
VisualStudioVersion = 15.0.26730.12
MinimumVisualStudioVersion = 10.0.40219.1
Project("{9A19103F-16F7-4668-BE54-9A1E7A4F7556}") = "SurveyFy.API", "SurveyFy.API\SurveyFy.API.csproj", "{82737812-0BA7-41A3-AECC-04C124DDC3E9}"
EndProject
Project("{FAE04EC0-301F-11D3-BF4B-00C04F79EFBC}") = "SurveyFy.Survey", "SurveyFy\SurveyFy.Survey.csproj", "{115659B5-DB90-4763-8835-FB7997F55DB5}"
EndProject
Project("{9A19103F-16F7-4668-BE54-9A1E7A4F7556}") = "SurveyFy.API.Models", "SurveyFy.API.Models\SurveyFy.API.Models.csproj", "{B3A15FE7-F0E7-4D15-8110-A27DB3B51CA0}"
EndProject
Project("{FAE04EC0-301F-11D3-BF4B-00C04F79EFBC}") = "SurveyFy.Admin", "SurveyFy.Admin\SurveyFy.Admin.csproj", "{F2D86096-8D81-4ADB-A646-E9CB2101E19F}"
EndProject
Global
	GlobalSection(SolutionConfigurationPlatforms) = preSolution
		Debug|Any CPU = Debug|Any CPU
		Release|Any CPU = Release|Any CPU
	EndGlobalSection
	GlobalSection(ProjectConfigurationPlatforms) = postSolution
		{82737812-0BA7-41A3-AECC-04C124DDC3E9}.Debug|Any CPU.ActiveCfg = Debug|Any CPU
		{82737812-0BA7-41A3-AECC-04C124DDC3E9}.Debug|Any CPU.Build.0 = Debug|Any CPU
		{82737812-0BA7-41A3-AECC-04C124DDC3E9}.Release|Any CPU.ActiveCfg = Release|Any CPU
		{82737812-0BA7-41A3-AECC-04C124DDC3E9}.Release|Any CPU.Build.0 = Release|Any CPU
		{115659B5-DB90-4763-8835-FB7997F55DB5}.Debug|Any CPU.ActiveCfg = Debug|Any CPU
		{115659B5-DB90-4763-8835-FB7997F55DB5}.Debug|Any CPU.Build.0 = Debug|Any CPU
		{115659B5-DB90-4763-8835-FB7997F55DB5}.Release|Any CPU.ActiveCfg = Release|Any CPU
		{115659B5-DB90-4763-8835-FB7997F55DB5}.Release|Any CPU.Build.0 = Release|Any CPU
		{B3A15FE7-F0E7-4D15-8110-A27DB3B51CA0}.Debug|Any CPU.ActiveCfg = Debug|Any CPU
		{B3A15FE7-F0E7-4D15-8110-A27DB3B51CA0}.Debug|Any CPU.Build.0 = Debug|Any CPU
		{B3A15FE7-F0E7-4D15-8110-A27DB3B51CA0}.Release|Any CPU.ActiveCfg = Release|Any CPU
		{B3A15FE7-F0E7-4D15-8110-A27DB3B51CA0}.Release|Any CPU.Build.0 = Release|Any CPU
		{F2D86096-8D81-4ADB-A646-E9CB2101E19F}.Debug|Any CPU.ActiveCfg = Debug|Any CPU
		{F2D86096-8D81-4ADB-A646-E9CB2101E19F}.Debug|Any CPU.Build.0 = Debug|Any CPU
		{F2D86096-8D81-4ADB-A646-E9CB2101E19F}.Release|Any CPU.ActiveCfg = Release|Any CPU
		{F2D86096-8D81-4ADB-A646-E9CB2101E19F}.Release|Any CPU.Build.0 = Release|Any CPU
	EndGlobalSection
	GlobalSection(SolutionProperties) = preSolution
		HideSolutionNode = FALSE
	EndGlobalSection
	GlobalSection(ExtensibilityGlobals) = postSolution
		SolutionGuid = {71BC2AAB-2914-4616-B71C-B1C252E9C378}
	EndGlobalSection
EndGlobal
